// !$*UTF8*$!
{
	archiveVersion = 1;
	classes = {
	};
	objectVersion = 46;
	objects = {

/* Begin PBXBuildFile section */
		289A3DD11CA7713000A1DAB2 /* AppDelegate.swift in Sources */ = {isa = PBXBuildFile; fileRef = 289A3DD01CA7713000A1DAB2 /* AppDelegate.swift */; };
		289A3DD31CA7713100A1DAB2 /* GameScene.sks in Resources */ = {isa = PBXBuildFile; fileRef = 289A3DD21CA7713100A1DAB2 /* GameScene.sks */; };
		289A3DD51CA7713100A1DAB2 /* GameScene.swift in Sources */ = {isa = PBXBuildFile; fileRef = 289A3DD41CA7713100A1DAB2 /* GameScene.swift */; };
		289A3DD71CA7713100A1DAB2 /* GameViewController.swift in Sources */ = {isa = PBXBuildFile; fileRef = 289A3DD61CA7713100A1DAB2 /* GameViewController.swift */; };
		289A3DDA1CA7713100A1DAB2 /* Main.storyboard in Resources */ = {isa = PBXBuildFile; fileRef = 289A3DD81CA7713100A1DAB2 /* Main.storyboard */; };
		289A3DDC1CA7713100A1DAB2 /* Assets.xcassets in Resources */ = {isa = PBXBuildFile; fileRef = 289A3DDB1CA7713100A1DAB2 /* Assets.xcassets */; };
		289A3DDF1CA7713100A1DAB2 /* LaunchScreen.storyboard in Resources */ = {isa = PBXBuildFile; fileRef = 289A3DDD1CA7713100A1DAB2 /* LaunchScreen.storyboard */; };
		289A3DE81CA7724400A1DAB2 /* SnowParticle.sks in Resources */ = {isa = PBXBuildFile; fileRef = 289A3DE61CA7724400A1DAB2 /* SnowParticle.sks */; };
		289A3DEB1CA7730800A1DAB2 /* snowflakes.png in Resources */ = {isa = PBXBuildFile; fileRef = 289A3DEA1CA7730800A1DAB2 /* snowflakes.png */; };
		289A3DED1CA7756800A1DAB2 /* ParticlesNode.swift in Sources */ = {isa = PBXBuildFile; fileRef = 289A3DEC1CA7756800A1DAB2 /* ParticlesNode.swift */; };
/* End PBXBuildFile section */

/* Begin PBXFileReference section */
		289A3DCD1CA7713000A1DAB2 /* DynamicSizeParticlesDemo.app */ = {isa = PBXFileReference; explicitFileType = wrapper.application; includeInIndex = 0; path = DynamicSizeParticlesDemo.app; sourceTree = BUILT_PRODUCTS_DIR; };
		289A3DD01CA7713000A1DAB2 /* AppDelegate.swift */ = {isa = PBXFileReference; lastKnownFileType = sourcecode.swift; path = AppDelegate.swift; sourceTree = "<group>"; };
		289A3DD21CA7713100A1DAB2 /* GameScene.sks */ = {isa = PBXFileReference; lastKnownFileType = file.sks; path = GameScene.sks; sourceTree = "<group>"; };
		289A3DD41CA7713100A1DAB2 /* GameScene.swift */ = {isa = PBXFileReference; lastKnownFileType = sourcecode.swift; path = GameScene.swift; sourceTree = "<group>"; };
		289A3DD61CA7713100A1DAB2 /* GameViewController.swift */ = {isa = PBXFileReference; lastKnownFileType = sourcecode.swift; path = GameViewController.swift; sourceTree = "<group>"; };
		289A3DD91CA7713100A1DAB2 /* Base */ = {isa = PBXFileReference; lastKnownFileType = file.storyboard; name = Base; path = Base.lproj/Main.storyboard; sourceTree = "<group>"; };
		289A3DDB1CA7713100A1DAB2 /* Assets.xcassets */ = {isa = PBXFileReference; lastKnownFileType = folder.assetcatalog; path = Assets.xcassets; sourceTree = "<group>"; };
		289A3DDE1CA7713100A1DAB2 /* Base */ = {isa = PBXFileReference; lastKnownFileType = file.storyboard; name = Base; path = Base.lproj/LaunchScreen.storyboard; sourceTree = "<group>"; };
		289A3DE01CA7713100A1DAB2 /* Info.plist */ = {isa = PBXFileReference; lastKnownFileType = text.plist.xml; path = Info.plist; sourceTree = "<group>"; };
		289A3DE61CA7724400A1DAB2 /* SnowParticle.sks */ = {isa = PBXFileReference; lastKnownFileType = file.sks; path = SnowParticle.sks; sourceTree = "<group>"; };
		289A3DEA1CA7730800A1DAB2 /* snowflakes.png */ = {isa = PBXFileReference; lastKnownFileType = image.png; path = snowflakes.png; sourceTree = "<group>"; };
		289A3DEC1CA7756800A1DAB2 /* ParticlesNode.swift */ = {isa = PBXFileReference; fileEncoding = 4; lastKnownFileType = sourcecode.swift; path = ParticlesNode.swift; sourceTree = "<group>"; };
/* End PBXFileReference section */

/* Begin PBXFrameworksBuildPhase section */
		289A3DCA1CA7713000A1DAB2 /* Frameworks */ = {
			isa = PBXFrameworksBuildPhase;
			buildActionMask = 2147483647;
			files = (
			);
			runOnlyForDeploymentPostprocessing = 0;
		};
/* End PBXFrameworksBuildPhase section */

/* Begin PBXGroup section */
		289A3DC41CA7713000A1DAB2 = {
			isa = PBXGroup;
			children = (
				289A3DCF1CA7713000A1DAB2 /* DynamicSizeParticlesDemo */,
				289A3DCE1CA7713000A1DAB2 /* Products */,
			);
			sourceTree = "<group>";
		};
		289A3DCE1CA7713000A1DAB2 /* Products */ = {
			isa = PBXGroup;
			children = (
				289A3DCD1CA7713000A1DAB2 /* DynamicSizeParticlesDemo.app */,
			);
			name = Products;
			sourceTree = "<group>";
		};
		289A3DCF1CA7713000A1DAB2 /* DynamicSizeParticlesDemo */ = {
			isa = PBXGroup;
			children = (
				289A3DD01CA7713000A1DAB2 /* AppDelegate.swift */,
				289A3DD61CA7713100A1DAB2 /* GameViewController.swift */,
				289A3DD41CA7713100A1DAB2 /* GameScene.swift */,
				289A3DD21CA7713100A1DAB2 /* GameScene.sks */,
				289A3DD81CA7713100A1DAB2 /* Main.storyboard */,
				289A3DDB1CA7713100A1DAB2 /* Assets.xcassets */,
				289A3DDD1CA7713100A1DAB2 /* LaunchScreen.storyboard */,
				289A3DE01CA7713100A1DAB2 /* Info.plist */,
				289A3DF01CA82BC800A1DAB2 /* Particles */,
			);
			path = DynamicSizeParticlesDemo;
			sourceTree = "<group>";
		};
		289A3DF01CA82BC800A1DAB2 /* Particles */ = {
			isa = PBXGroup;
			children = (
				289A3DEC1CA7756800A1DAB2 /* ParticlesNode.swift */,
				289A3DF11CA82BD800A1DAB2 /* Snow */,
			);
			name = Particles;
			sourceTree = "<group>";
		};
		289A3DF11CA82BD800A1DAB2 /* Snow */ = {
			isa = PBXGroup;
			children = (
				289A3DE61CA7724400A1DAB2 /* SnowParticle.sks */,
				289A3DEA1CA7730800A1DAB2 /* snowflakes.png */,
			);
			name = Snow;
			sourceTree = "<group>";
		};
/* End PBXGroup section */

/* Begin PBXNativeTarget section */
		289A3DCC1CA7713000A1DAB2 /* DynamicSizeParticlesDemo */ = {
			isa = PBXNativeTarget;
			buildConfigurationList = 289A3DE31CA7713100A1DAB2 /* Build configuration list for PBXNativeTarget "DynamicSizeParticlesDemo" */;
			buildPhases = (
				289A3DC91CA7713000A1DAB2 /* Sources */,
				289A3DCA1CA7713000A1DAB2 /* Frameworks */,
				289A3DCB1CA7713000A1DAB2 /* Resources */,
			);
			buildRules = (
			);
			dependencies = (
			);
			name = DynamicSizeParticlesDemo;
			productName = DynamicSizeParticlesDemo;
			productReference = 289A3DCD1CA7713000A1DAB2 /* DynamicSizeParticlesDemo.app */;
			productType = "com.apple.product-type.application";
		};
/* End PBXNativeTarget section */

/* Begin PBXProject section */
		289A3DC51CA7713000A1DAB2 /* Project object */ = {
			isa = PBXProject;
			attributes = {
				LastSwiftUpdateCheck = 0720;
				LastUpgradeCheck = 0720;
				ORGANIZATIONNAME = "Einharch Crop.";
				TargetAttributes = {
					289A3DCC1CA7713000A1DAB2 = {
						CreatedOnToolsVersion = 7.2;
					};
				};
			};
			buildConfigurationList = 289A3DC81CA7713000A1DAB2 /* Build configuration list for PBXProject "DynamicSizeParticlesDemo" */;
			compatibilityVersion = "Xcode 3.2";
			developmentRegion = English;
			hasScannedForEncodings = 0;
			knownRegions = (
				en,
				Base,
			);
			mainGroup = 289A3DC41CA7713000A1DAB2;
			productRefGroup = 289A3DCE1CA7713000A1DAB2 /* Products */;
			projectDirPath = "";
			projectRoot = "";
			targets = (
				289A3DCC1CA7713000A1DAB2 /* DynamicSizeParticlesDemo */,
			);
		};
/* End PBXProject section */

/* Begin PBXResourcesBuildPhase section */
		289A3DCB1CA7713000A1DAB2 /* Resources */ = {
			isa = PBXResourcesBuildPhase;
			buildActionMask = 2147483647;
			files = (
				289A3DEB1CA7730800A1DAB2 /* snowflakes.png in Resources */,
				289A3DD31CA7713100A1DAB2 /* GameScene.sks in Resources */,
				289A3DE81CA7724400A1DAB2 /* SnowParticle.sks in Resources */,
				289A3DDF1CA7713100A1DAB2 /* LaunchScreen.storyboard in Resources */,
				289A3DDC1CA7713100A1DAB2 /* Assets.xcassets in Resources */,
				289A3DDA1CA7713100A1DAB2 /* Main.storyboard in Resources */,
			);
			runOnlyForDeploymentPostprocessing = 0;
		};
/* End PBXResourcesBuildPhase section */

/* Begin PBXSourcesBuildPhase section */
		289A3DC91CA7713000A1DAB2 /* Sources */ = {
			isa = PBXSourcesBuildPhase;
			buildActionMask = 2147483647;
			files = (
				289A3DED1CA7756800A1DAB2 /* ParticlesNode.swift in Sources */,
				289A3DD51CA7713100A1DAB2 /* GameScene.swift in Sources */,
				289A3DD71CA7713100A1DAB2 /* GameViewController.swift in Sources */,
				289A3DD11CA7713000A1DAB2 /* AppDelegate.swift in Sources */,
			);
			runOnlyForDeploymentPostprocessing = 0;
		};
/* End PBXSourcesBuildPhase section */

/* Begin PBXVariantGroup section */
		289A3DD81CA7713100A1DAB2 /* Main.storyboard */ = {
			isa = PBXVariantGroup;
			children = (
				289A3DD91CA7713100A1DAB2 /* Base */,
			);
			name = Main.storyboard;
			sourceTree = "<group>";
		};
		289A3DDD1CA7713100A1DAB2 /* LaunchScreen.storyboard */ = {
			isa = PBXVariantGroup;
			children = (
				289A3DDE1CA7713100A1DAB2 /* Base */,
			);
			name = LaunchScreen.storyboard;
			sourceTree = "<group>";
		};
/* End PBXVariantGroup section */

/* Begin XCBuildConfiguration section */
		289A3DE11CA7713100A1DAB2 /* Debug */ = {
			isa = XCBuildConfiguration;
			buildSettings = {
				ALWAYS_SEARCH_USER_PATHS = NO;
				CLANG_CXX_LANGUAGE_STANDARD = "gnu++0x";
				CLANG_CXX_LIBRARY = "libc++";
				CLANG_ENABLE_MODULES = YES;
				CLANG_ENABLE_OBJC_ARC = YES;
				CLANG_WARN_BOOL_CONVERSION = YES;
				CLANG_WARN_CONSTANT_CONVERSION = YES;
				CLANG_WARN_DIRECT_OBJC_ISA_USAGE = YES_ERROR;
				CLANG_WARN_EMPTY_BODY = YES;
				CLANG_WARN_ENUM_CONVERSION = YES;
				CLANG_WARN_INT_CONVERSION = YES;
				CLANG_WARN_OBJC_ROOT_CLASS = YES_ERROR;
				CLANG_WARN_UNREACHABLE_CODE = YES;
				CLANG_WARN__DUPLICATE_METHOD_MATCH = YES;
				"CODE_SIGN_IDENTITY[sdk=iphoneos*]" = "iPhone Developer";
				COPY_PHASE_STRIP = NO;
				DEBUG_INFORMATION_FORMAT = "dwarf-with-dsym";
				ENABLE_STRICT_OBJC_MSGSEND = YES;
				ENABLE_TESTABILITY = YES;
				GCC_C_LANGUAGE_STANDARD = gnu99;
				GCC_DYNAMIC_NO_PIC = NO;
				GCC_NO_COMMON_BLOCKS = YES;
				GCC_OPTIMIZATION_LEVEL = 0;
				GCC_PREPROCESSOR_DEFINITIONS = (
					"DEBUG=1",
					"$(inherited)",
				);
				GCC_WARN_64_TO_32_BIT_CONVERSION = YES;
				GCC_WARN_ABOUT_RETURN_TYPE = YES_ERROR;
				GCC_WARN_UNDECLARED_SELECTOR = YES;
				GCC_WARN_UNINITIALIZED_AUTOS = YES_AGGRESSIVE;
				GCC_WARN_UNUSED_FUNCTION = YES;
				GCC_WARN_UNUSED_VARIABLE = YES;
				IPHONEOS_DEPLOYMENT_TARGET = 9.2;
				MTL_ENABLE_DEBUG_INFO = YES;
				ONLY_ACTIVE_ARCH = YES;
				SDKROOT = iphoneos;
				SWIFT_OPTIMIZATION_LEVEL = "-Onone";
				TARGETED_DEVICE_FAMILY = "1,2";
			};
			name = Debug;
		};
		289A3DE21CA7713100A1DAB2 /* Release */ = {
			isa = XCBuildConfiguration;
			buildSettings = {
				ALWAYS_SEARCH_USER_PATHS = NO;
				CLANG_CXX_LANGUAGE_STANDARD = "gnu++0x";
				CLANG_CXX_LIBRARY = "libc++";
				CLANG_ENABLE_MODULES = YES;
				CLANG_ENABLE_OBJC_ARC = YES;
				CLANG_WARN_BOOL_CONVERSION = YES;
				CLANG_WARN_CONSTANT_CONVERSION = YES;
				CLANG_WARN_DIRECT_OBJC_ISA_USAGE = YES_ERROR;
				CLANG_WARN_EMPTY_BODY = YES;
				CLANG_WARN_ENUM_CONVERSION = YES;
				CLANG_WARN_INT_CONVERSION = YES;
				CLANG_WARN_OBJC_ROOT_CLASS = YES_ERROR;
				CLANG_WARN_UNREACHABLE_CODE = YES;
				CLANG_WARN__DUPLICATE_METHOD_MATCH = YES;
				"CODE_SIGN_IDENTITY[sdk=iphoneos*]" = "iPhone Developer";
				COPY_PHASE_STRIP = NO;
				DEBUG_INFORMATION_FORMAT = "dwarf-with-dsym";
				ENABLE_NS_ASSERTIONS = NO;
				ENABLE_STRICT_OBJC_MSGSEND = YES;
				GCC_C_LANGUAGE_STANDARD = gnu99;
				GCC_NO_COMMON_BLOCKS = YES;
				GCC_WARN_64_TO_32_BIT_CONVERSION = YES;
				GCC_WARN_ABOUT_RETURN_TYPE = YES_ERROR;
				GCC_WARN_UNDECLARED_SELECTOR = YES;
				GCC_WARN_UNINITIALIZED_AUTOS = YES_AGGRESSIVE;
				GCC_WARN_UNUSED_FUNCTION = YES;
				GCC_WARN_UNUSED_VARIABLE = YES;
				IPHONEOS_DEPLOYMENT_TARGET = 9.2;
				MTL_ENABLE_DEBUG_INFO = NO;
				SDKROOT = iphoneos;
				TARGETED_DEVICE_FAMILY = "1,2";
				VALIDATE_PRODUCT = YES;
			};
			name = Release;
		};
		289A3DE41CA7713100A1DAB2 /* Debug */ = {
			isa = XCBuildConfiguration;
			buildSettings = {
				ASSETCATALOG_COMPILER_APPICON_NAME = AppIcon;
				INFOPLIST_FILE = DynamicSizeParticlesDemo/Info.plist;
				LD_RUNPATH_SEARCH_PATHS = "$(inherited) @executable_path/Frameworks";
				PRODUCT_BUNDLE_IDENTIFIER = com.Einharch.DynamicSizeParticlesDemo;
				PRODUCT_NAME = "$(TARGET_NAME)";
			};
			name = Debug;
		};
		289A3DE51CA7713100A1DAB2 /* Release */ = {
			isa = XCBuildConfiguration;
			buildSettings = {
				ASSETCATALOG_COMPILER_APPICON_NAME = AppIcon;
				INFOPLIST_FILE = DynamicSizeParticlesDemo/Info.plist;
				LD_RUNPATH_SEARCH_PATHS = "$(inherited) @executable_path/Frameworks";
				PRODUCT_BUNDLE_IDENTIFIER = com.Einharch.DynamicSizeParticlesDemo;
				PRODUCT_NAME = "$(TARGET_NAME)";
			};
			name = Release;
		};
/* End XCBuildConfiguration section */

/* Begin XCConfigurationList section */
		289A3DC81CA7713000A1DAB2 /* Build configuration list for PBXProject "DynamicSizeParticlesDemo" */ = {
			isa = XCConfigurationList;
			buildConfigurations = (
				289A3DE11CA7713100A1DAB2 /* Debug */,
				289A3DE21CA7713100A1DAB2 /* Release */,
			);
			defaultConfigurationIsVisible = 0;
			defaultConfigurationName = Release;
		};
		289A3DE31CA7713100A1DAB2 /* Build configuration list for PBXNativeTarget "DynamicSizeParticlesDemo" */ = {
			isa = XCConfigurationList;
			buildConfigurations = (
				289A3DE41CA7713100A1DAB2 /* Debug */,
				289A3DE51CA7713100A1DAB2 /* Release */,
			);
			defaultConfigurationIsVisible = 0;
		};
/* End XCConfigurationList section */
	};
	rootObject = 289A3DC51CA7713000A1DAB2 /* Project object */;
}
